
Microsoft Visual Studio Solution File, Format Version 12.00
# Visual Studio 2012
Project("{2150E333-8FDC-42A3-9474-1A3956D46DE8}") = "src", "src", "{4E47C66C-C3E1-48FA-B15B-DE6EE08A53C9}"
	ProjectSection(SolutionItems) = preProject
		nuget.config = nuget.config
	EndProjectSection
EndProject
Project("{2150E333-8FDC-42A3-9474-1A3956D46DE8}") = "tools", "tools", "{E09F05D7-4993-4195-B58B-DE7531873E46}"
EndProject
Project("{FAE04EC0-301F-11D3-BF4B-00C04F79EFBC}") = "EED.Acceptance.Tests", "EED.Acceptance.Tests\EED.Acceptance.Tests.csproj", "{763618B9-D43D-4D4C-A2E6-A04FE92CDD6B}"
EndProject
Project("{FAE04EC0-301F-11D3-BF4B-00C04F79EFBC}") = "EED.Domain", "EED.Domain\EED.Domain.csproj", "{8F5053C1-911C-49B3-8E66-53C24B62DF92}"
EndProject
Project("{FAE04EC0-301F-11D3-BF4B-00C04F79EFBC}") = "EED.Ui.Web", "EED.Ui.Web\EED.Ui.Web.csproj", "{EA426655-63A2-42BA-8E68-3B41AB4230AB}"
EndProject
Project("{FAE04EC0-301F-11D3-BF4B-00C04F79EFBC}") = "EED.Unit.Tests", "EED.Unit.Tests\EED.Unit.Tests.csproj", "{F0FD6C2C-600F-4E4A-91E2-270450BFF4C6}"
EndProject
Project("{2150E333-8FDC-42A3-9474-1A3956D46DE8}") = "packages", "packages", "{5770092B-89B6-4E23-92ED-74E1D4965B28}"
EndProject
Project("{2150E333-8FDC-42A3-9474-1A3956D46DE8}") = "Solution Files", "Solution Files", "{7820BE85-5F2D-4A7D-92A0-4EBA506A9319}"
	ProjectSection(SolutionItems) = preProject
		Solution Files\hibernate.cfg.xml = Solution Files\hibernate.cfg.xml
		..\packages\NHibernate.3.3.3.4001\nhibernate-configuration.xsd = ..\packages\NHibernate.3.3.3.4001\nhibernate-configuration.xsd
	EndProjectSection
EndProject
Project("{FAE04EC0-301F-11D3-BF4B-00C04F79EFBC}") = "EED.Service", "EED.Service\EED.Service.csproj", "{8A5421CE-AC49-42C8-8A70-DB82691E5177}"
EndProject
Project("{FAE04EC0-301F-11D3-BF4B-00C04F79EFBC}") = "EED.DAL", "EED.DAL\EED.DAL.csproj", "{2677737F-02FC-420D-94C9-E1E36659DF3D}"
EndProject
Project("{FAE04EC0-301F-11D3-BF4B-00C04F79EFBC}") = "EED.Infrastructure", "EED.Infrastructure\EED.Infrastructure.csproj", "{2BD2C28C-10FE-4FE2-9283-376776EC31C3}"
EndProject
Project("{FAE04EC0-301F-11D3-BF4B-00C04F79EFBC}") = "EED.Service.Controller", "EED.Service.Controller\EED.Service.Controller.csproj", "{F77C0C1F-736F-4C3F-9294-77182B23E690}"
EndProject
Global
	GlobalSection(SolutionConfigurationPlatforms) = preSolution
		Debug|Any CPU = Debug|Any CPU
		Release|Any CPU = Release|Any CPU
	EndGlobalSection
	GlobalSection(ProjectConfigurationPlatforms) = postSolution
		{763618B9-D43D-4D4C-A2E6-A04FE92CDD6B}.Debug|Any CPU.ActiveCfg = Debug|Any CPU
		{763618B9-D43D-4D4C-A2E6-A04FE92CDD6B}.Debug|Any CPU.Build.0 = Debug|Any CPU
		{763618B9-D43D-4D4C-A2E6-A04FE92CDD6B}.Release|Any CPU.ActiveCfg = Release|Any CPU
		{763618B9-D43D-4D4C-A2E6-A04FE92CDD6B}.Release|Any CPU.Build.0 = Release|Any CPU
		{8F5053C1-911C-49B3-8E66-53C24B62DF92}.Debug|Any CPU.ActiveCfg = Debug|Any CPU
		{8F5053C1-911C-49B3-8E66-53C24B62DF92}.Debug|Any CPU.Build.0 = Debug|Any CPU
		{8F5053C1-911C-49B3-8E66-53C24B62DF92}.Release|Any CPU.ActiveCfg = Release|Any CPU
		{8F5053C1-911C-49B3-8E66-53C24B62DF92}.Release|Any CPU.Build.0 = Release|Any CPU
		{EA426655-63A2-42BA-8E68-3B41AB4230AB}.Debug|Any CPU.ActiveCfg = Debug|Any CPU
		{EA426655-63A2-42BA-8E68-3B41AB4230AB}.Debug|Any CPU.Build.0 = Debug|Any CPU
		{EA426655-63A2-42BA-8E68-3B41AB4230AB}.Release|Any CPU.ActiveCfg = Release|Any CPU
		{EA426655-63A2-42BA-8E68-3B41AB4230AB}.Release|Any CPU.Build.0 = Release|Any CPU
		{F0FD6C2C-600F-4E4A-91E2-270450BFF4C6}.Debug|Any CPU.ActiveCfg = Debug|Any CPU
		{F0FD6C2C-600F-4E4A-91E2-270450BFF4C6}.Debug|Any CPU.Build.0 = Debug|Any CPU
		{F0FD6C2C-600F-4E4A-91E2-270450BFF4C6}.Release|Any CPU.ActiveCfg = Release|Any CPU
		{F0FD6C2C-600F-4E4A-91E2-270450BFF4C6}.Release|Any CPU.Build.0 = Release|Any CPU
		{8A5421CE-AC49-42C8-8A70-DB82691E5177}.Debug|Any CPU.ActiveCfg = Debug|Any CPU
		{8A5421CE-AC49-42C8-8A70-DB82691E5177}.Debug|Any CPU.Build.0 = Debug|Any CPU
		{8A5421CE-AC49-42C8-8A70-DB82691E5177}.Release|Any CPU.ActiveCfg = Release|Any CPU
		{8A5421CE-AC49-42C8-8A70-DB82691E5177}.Release|Any CPU.Build.0 = Release|Any CPU
		{2677737F-02FC-420D-94C9-E1E36659DF3D}.Debug|Any CPU.ActiveCfg = Debug|Any CPU
		{2677737F-02FC-420D-94C9-E1E36659DF3D}.Debug|Any CPU.Build.0 = Debug|Any CPU
		{2677737F-02FC-420D-94C9-E1E36659DF3D}.Release|Any CPU.ActiveCfg = Release|Any CPU
		{2677737F-02FC-420D-94C9-E1E36659DF3D}.Release|Any CPU.Build.0 = Release|Any CPU
		{2BD2C28C-10FE-4FE2-9283-376776EC31C3}.Debug|Any CPU.ActiveCfg = Debug|Any CPU
		{2BD2C28C-10FE-4FE2-9283-376776EC31C3}.Debug|Any CPU.Build.0 = Debug|Any CPU
		{2BD2C28C-10FE-4FE2-9283-376776EC31C3}.Release|Any CPU.ActiveCfg = Release|Any CPU
		{2BD2C28C-10FE-4FE2-9283-376776EC31C3}.Release|Any CPU.Build.0 = Release|Any CPU
		{F77C0C1F-736F-4C3F-9294-77182B23E690}.Debug|Any CPU.ActiveCfg = Debug|Any CPU
		{F77C0C1F-736F-4C3F-9294-77182B23E690}.Debug|Any CPU.Build.0 = Debug|Any CPU
		{F77C0C1F-736F-4C3F-9294-77182B23E690}.Release|Any CPU.ActiveCfg = Release|Any CPU
		{F77C0C1F-736F-4C3F-9294-77182B23E690}.Release|Any CPU.Build.0 = Release|Any CPU
	EndGlobalSection
	GlobalSection(SolutionProperties) = preSolution
		HideSolutionNode = FALSE
	EndGlobalSection
	GlobalSection(NestedProjects) = preSolution
		{763618B9-D43D-4D4C-A2E6-A04FE92CDD6B} = {4E47C66C-C3E1-48FA-B15B-DE6EE08A53C9}
		{8F5053C1-911C-49B3-8E66-53C24B62DF92} = {4E47C66C-C3E1-48FA-B15B-DE6EE08A53C9}
		{EA426655-63A2-42BA-8E68-3B41AB4230AB} = {4E47C66C-C3E1-48FA-B15B-DE6EE08A53C9}
		{F0FD6C2C-600F-4E4A-91E2-270450BFF4C6} = {4E47C66C-C3E1-48FA-B15B-DE6EE08A53C9}
		{7820BE85-5F2D-4A7D-92A0-4EBA506A9319} = {4E47C66C-C3E1-48FA-B15B-DE6EE08A53C9}
		{8A5421CE-AC49-42C8-8A70-DB82691E5177} = {4E47C66C-C3E1-48FA-B15B-DE6EE08A53C9}
		{2677737F-02FC-420D-94C9-E1E36659DF3D} = {4E47C66C-C3E1-48FA-B15B-DE6EE08A53C9}
		{2BD2C28C-10FE-4FE2-9283-376776EC31C3} = {4E47C66C-C3E1-48FA-B15B-DE6EE08A53C9}
		{F77C0C1F-736F-4C3F-9294-77182B23E690} = {4E47C66C-C3E1-48FA-B15B-DE6EE08A53C9}
	EndGlobalSection
	GlobalSection(Performance) = preSolution
		HasPerformanceSessions = true
	EndGlobalSection
EndGlobal
